// !$*UTF8*$!
{
	archiveVersion = 1;
	classes = {
	};
	objectVersion = 48;
	objects = {

/* Begin PBXBuildFile section */
		961405571FB2AFB900FB1C14 /* AppDelegate.swift in Sources */ = {isa = PBXBuildFile; fileRef = 961405561FB2AFB900FB1C14 /* AppDelegate.swift */; };
		9614055C1FB2AFB900FB1C14 /* Main.storyboard in Resources */ = {isa = PBXBuildFile; fileRef = 9614055A1FB2AFB900FB1C14 /* Main.storyboard */; };
		9614055E1FB2AFB900FB1C14 /* Assets.xcassets in Resources */ = {isa = PBXBuildFile; fileRef = 9614055D1FB2AFB900FB1C14 /* Assets.xcassets */; };
		961405611FB2AFBB00FB1C14 /* LaunchScreen.storyboard in Resources */ = {isa = PBXBuildFile; fileRef = 9614055F1FB2AFBB00FB1C14 /* LaunchScreen.storyboard */; };
		9614056C1FB2AFBB00FB1C14 /* ConversionCalculatorTests.swift in Sources */ = {isa = PBXBuildFile; fileRef = 9614056B1FB2AFBB00FB1C14 /* ConversionCalculatorTests.swift */; };
		961405771FB2AFBB00FB1C14 /* ConversionCalculatorUITests.swift in Sources */ = {isa = PBXBuildFile; fileRef = 961405761FB2AFBB00FB1C14 /* ConversionCalculatorUITests.swift */; };
		961405851FB2B74D00FB1C14 /* ConverterViewController.swift in Sources */ = {isa = PBXBuildFile; fileRef = 961405841FB2B74D00FB1C14 /* ConverterViewController.swift */; };
/* End PBXBuildFile section */

/* Begin PBXContainerItemProxy section */
		961405681FB2AFBB00FB1C14 /* PBXContainerItemProxy */ = {
			isa = PBXContainerItemProxy;
			containerPortal = 9614054B1FB2AFB900FB1C14 /* Project object */;
			proxyType = 1;
			remoteGlobalIDString = 961405521FB2AFB900FB1C14;
			remoteInfo = ConversionCalculator;
		};
		961405731FB2AFBB00FB1C14 /* PBXContainerItemProxy */ = {
			isa = PBXContainerItemProxy;
			containerPortal = 9614054B1FB2AFB900FB1C14 /* Project object */;
			proxyType = 1;
			remoteGlobalIDString = 961405521FB2AFB900FB1C14;
			remoteInfo = ConversionCalculator;
		};
/* End PBXContainerItemProxy section */

/* Begin PBXFileReference section */
		961405531FB2AFB900FB1C14 /* ConversionCalculator.app */ = {isa = PBXFileReference; explicitFileType = wrapper.application; includeInIndex = 0; path = ConversionCalculator.app; sourceTree = BUILT_PRODUCTS_DIR; };
		961405561FB2AFB900FB1C14 /* AppDelegate.swift */ = {isa = PBXFileReference; lastKnownFileType = sourcecode.swift; path = AppDelegate.swift; sourceTree = "<group>"; };
		9614055B1FB2AFB900FB1C14 /* Base */ = {isa = PBXFileReference; lastKnownFileType = file.storyboard; name = Base; path = Base.lproj/Main.storyboard; sourceTree = "<group>"; };
		9614055D1FB2AFB900FB1C14 /* Assets.xcassets */ = {isa = PBXFileReference; lastKnownFileType = folder.assetcatalog; path = Assets.xcassets; sourceTree = "<group>"; };
		961405601FB2AFBB00FB1C14 /* Base */ = {isa = PBXFileReference; lastKnownFileType = file.storyboard; name = Base; path = Base.lproj/LaunchScreen.storyboard; sourceTree = "<group>"; };
		961405621FB2AFBB00FB1C14 /* Info.plist */ = {isa = PBXFileReference; lastKnownFileType = text.plist.xml; path = Info.plist; sourceTree = "<group>"; };
		961405671FB2AFBB00FB1C14 /* ConversionCalculatorTests.xctest */ = {isa = PBXFileReference; explicitFileType = wrapper.cfbundle; includeInIndex = 0; path = ConversionCalculatorTests.xctest; sourceTree = BUILT_PRODUCTS_DIR; };
		9614056B1FB2AFBB00FB1C14 /* ConversionCalculatorTests.swift */ = {isa = PBXFileReference; lastKnownFileType = sourcecode.swift; path = ConversionCalculatorTests.swift; sourceTree = "<group>"; };
		9614056D1FB2AFBB00FB1C14 /* Info.plist */ = {isa = PBXFileReference; lastKnownFileType = text.plist.xml; path = Info.plist; sourceTree = "<group>"; };
		961405721FB2AFBB00FB1C14 /* ConversionCalculatorUITests.xctest */ = {isa = PBXFileReference; explicitFileType = wrapper.cfbundle; includeInIndex = 0; path = ConversionCalculatorUITests.xctest; sourceTree = BUILT_PRODUCTS_DIR; };
		961405761FB2AFBB00FB1C14 /* ConversionCalculatorUITests.swift */ = {isa = PBXFileReference; lastKnownFileType = sourcecode.swift; path = ConversionCalculatorUITests.swift; sourceTree = "<group>"; };
		961405781FB2AFBB00FB1C14 /* Info.plist */ = {isa = PBXFileReference; lastKnownFileType = text.plist.xml; path = Info.plist; sourceTree = "<group>"; };
		961405841FB2B74D00FB1C14 /* ConverterViewController.swift */ = {isa = PBXFileReference; lastKnownFileType = sourcecode.swift; path = ConverterViewController.swift; sourceTree = "<group>"; };
/* End PBXFileReference section */

/* Begin PBXFrameworksBuildPhase section */
		961405501FB2AFB900FB1C14 /* Frameworks */ = {
			isa = PBXFrameworksBuildPhase;
			buildActionMask = 2147483647;
			files = (
			);
			runOnlyForDeploymentPostprocessing = 0;
		};
		961405641FB2AFBB00FB1C14 /* Frameworks */ = {
			isa = PBXFrameworksBuildPhase;
			buildActionMask = 2147483647;
			files = (
			);
			runOnlyForDeploymentPostprocessing = 0;
		};
		9614056F1FB2AFBB00FB1C14 /* Frameworks */ = {
			isa = PBXFrameworksBuildPhase;
			buildActionMask = 2147483647;
			files = (
			);
			runOnlyForDeploymentPostprocessing = 0;
		};
/* End PBXFrameworksBuildPhase section */

/* Begin PBXGroup section */
		9614054A1FB2AFB900FB1C14 = {
			isa = PBXGroup;
			children = (
				961405551FB2AFB900FB1C14 /* ConversionCalculator */,
				9614056A1FB2AFBB00FB1C14 /* ConversionCalculatorTests */,
				961405751FB2AFBB00FB1C14 /* ConversionCalculatorUITests */,
				961405541FB2AFB900FB1C14 /* Products */,
			);
			sourceTree = "<group>";
		};
		961405541FB2AFB900FB1C14 /* Products */ = {
			isa = PBXGroup;
			children = (
				961405531FB2AFB900FB1C14 /* ConversionCalculator.app */,
				961405671FB2AFBB00FB1C14 /* ConversionCalculatorTests.xctest */,
				961405721FB2AFBB00FB1C14 /* ConversionCalculatorUITests.xctest */,
			);
			name = Products;
			sourceTree = "<group>";
		};
		961405551FB2AFB900FB1C14 /* ConversionCalculator */ = {
			isa = PBXGroup;
			children = (
				961405561FB2AFB900FB1C14 /* AppDelegate.swift */,
				9614055A1FB2AFB900FB1C14 /* Main.storyboard */,
				9614055D1FB2AFB900FB1C14 /* Assets.xcassets */,
				9614055F1FB2AFBB00FB1C14 /* LaunchScreen.storyboard */,
				961405621FB2AFBB00FB1C14 /* Info.plist */,
				961405841FB2B74D00FB1C14 /* ConverterViewController.swift */,
			);
			path = ConversionCalculator;
			sourceTree = "<group>";
		};
		9614056A1FB2AFBB00FB1C14 /* ConversionCalculatorTests */ = {
			isa = PBXGroup;
			children = (
				9614056B1FB2AFBB00FB1C14 /* ConversionCalculatorTests.swift */,
				9614056D1FB2AFBB00FB1C14 /* Info.plist */,
			);
			path = ConversionCalculatorTests;
			sourceTree = "<group>";
		};
		961405751FB2AFBB00FB1C14 /* ConversionCalculatorUITests */ = {
			isa = PBXGroup;
			children = (
				961405761FB2AFBB00FB1C14 /* ConversionCalculatorUITests.swift */,
				961405781FB2AFBB00FB1C14 /* Info.plist */,
			);
			path = ConversionCalculatorUITests;
			sourceTree = "<group>";
		};
/* End PBXGroup section */

/* Begin PBXNativeTarget section */
		961405521FB2AFB900FB1C14 /* ConversionCalculator */ = {
			isa = PBXNativeTarget;
			buildConfigurationList = 9614057B1FB2AFBB00FB1C14 /* Build configuration list for PBXNativeTarget "ConversionCalculator" */;
			buildPhases = (
				9614054F1FB2AFB900FB1C14 /* Sources */,
				961405501FB2AFB900FB1C14 /* Frameworks */,
				961405511FB2AFB900FB1C14 /* Resources */,
			);
			buildRules = (
			);
			dependencies = (
			);
			name = ConversionCalculator;
			productName = ConversionCalculator;
			productReference = 961405531FB2AFB900FB1C14 /* ConversionCalculator.app */;
			productType = "com.apple.product-type.application";
		};
		961405661FB2AFBB00FB1C14 /* ConversionCalculatorTests */ = {
			isa = PBXNativeTarget;
			buildConfigurationList = 9614057E1FB2AFBB00FB1C14 /* Build configuration list for PBXNativeTarget "ConversionCalculatorTests" */;
			buildPhases = (
				961405631FB2AFBB00FB1C14 /* Sources */,
				961405641FB2AFBB00FB1C14 /* Frameworks */,
				961405651FB2AFBB00FB1C14 /* Resources */,
			);
			buildRules = (
			);
			dependencies = (
				961405691FB2AFBB00FB1C14 /* PBXTargetDependency */,
			);
			name = ConversionCalculatorTests;
			productName = ConversionCalculatorTests;
			productReference = 961405671FB2AFBB00FB1C14 /* ConversionCalculatorTests.xctest */;
			productType = "com.apple.product-type.bundle.unit-test";
		};
		961405711FB2AFBB00FB1C14 /* ConversionCalculatorUITests */ = {
			isa = PBXNativeTarget;
			buildConfigurationList = 961405811FB2AFBB00FB1C14 /* Build configuration list for PBXNativeTarget "ConversionCalculatorUITests" */;
			buildPhases = (
				9614056E1FB2AFBB00FB1C14 /* Sources */,
				9614056F1FB2AFBB00FB1C14 /* Frameworks */,
				961405701FB2AFBB00FB1C14 /* Resources */,
			);
			buildRules = (
			);
			dependencies = (
				961405741FB2AFBB00FB1C14 /* PBXTargetDependency */,
			);
			name = ConversionCalculatorUITests;
			productName = ConversionCalculatorUITests;
			productReference = 961405721FB2AFBB00FB1C14 /* ConversionCalculatorUITests.xctest */;
			productType = "com.apple.product-type.bundle.ui-testing";
		};
/* End PBXNativeTarget section */

/* Begin PBXProject section */
		9614054B1FB2AFB900FB1C14 /* Project object */ = {
			isa = PBXProject;
			attributes = {
				LastSwiftUpdateCheck = 0910;
				LastUpgradeCheck = 0910;
				ORGANIZATIONNAME = "Tech Innovator";
				TargetAttributes = {
					961405521FB2AFB900FB1C14 = {
						CreatedOnToolsVersion = 9.1;
						ProvisioningStyle = Automatic;
					};
					961405661FB2AFBB00FB1C14 = {
						CreatedOnToolsVersion = 9.1;
						ProvisioningStyle = Automatic;
						TestTargetID = 961405521FB2AFB900FB1C14;
					};
					961405711FB2AFBB00FB1C14 = {
						CreatedOnToolsVersion = 9.1;
						ProvisioningStyle = Automatic;
						TestTargetID = 961405521FB2AFB900FB1C14;
					};
				};
			};
			buildConfigurationList = 9614054E1FB2AFB900FB1C14 /* Build configuration list for PBXProject "ConversionCalculator" */;
			compatibilityVersion = "Xcode 8.0";
			developmentRegion = en;
			hasScannedForEncodings = 0;
			knownRegions = (
				en,
				Base,
			);
			mainGroup = 9614054A1FB2AFB900FB1C14;
			productRefGroup = 961405541FB2AFB900FB1C14 /* Products */;
			projectDirPath = "";
			projectRoot = "";
			targets = (
				961405521FB2AFB900FB1C14 /* ConversionCalculator */,
				961405661FB2AFBB00FB1C14 /* ConversionCalculatorTests */,
				961405711FB2AFBB00FB1C14 /* ConversionCalculatorUITests */,
			);
		};
/* End PBXProject section */

/* Begin PBXResourcesBuildPhase section */
		961405511FB2AFB900FB1C14 /* Resources */ = {
			isa = PBXResourcesBuildPhase;
			buildActionMask = 2147483647;
			files = (
				961405611FB2AFBB00FB1C14 /* LaunchScreen.storyboard in Resources */,
				9614055E1FB2AFB900FB1C14 /* Assets.xcassets in Resources */,
				9614055C1FB2AFB900FB1C14 /* Main.storyboard in Resources */,
			);
			runOnlyForDeploymentPostprocessing = 0;
		};
		961405651FB2AFBB00FB1C14 /* Resources */ = {
			isa = PBXResourcesBuildPhase;
			buildActionMask = 2147483647;
			files = (
			);
			runOnlyForDeploymentPostprocessing = 0;
		};
		961405701FB2AFBB00FB1C14 /* Resources */ = {
			isa = PBXResourcesBuildPhase;
			buildActionMask = 2147483647;
			files = (
			);
			runOnlyForDeploymentPostprocessing = 0;
		};
/* End PBXResourcesBuildPhase section */

/* Begin PBXSourcesBuildPhase section */
		9614054F1FB2AFB900FB1C14 /* Sources */ = {
			isa = PBXSourcesBuildPhase;
			buildActionMask = 2147483647;
			files = (
				961405571FB2AFB900FB1C14 /* AppDelegate.swift in Sources */,
				961405851FB2B74D00FB1C14 /* ConverterViewController.swift in Sources */,
			);
			runOnlyForDeploymentPostprocessing = 0;
		};
		961405631FB2AFBB00FB1C14 /* Sources */ = {
			isa = PBXSourcesBuildPhase;
			buildActionMask = 2147483647;
			files = (
				9614056C1FB2AFBB00FB1C14 /* ConversionCalculatorTests.swift in Sources */,
			);
			runOnlyForDeploymentPostprocessing = 0;
		};
		9614056E1FB2AFBB00FB1C14 /* Sources */ = {
			isa = PBXSourcesBuildPhase;
			buildActionMask = 2147483647;
			files = (
				961405771FB2AFBB00FB1C14 /* ConversionCalculatorUITests.swift in Sources */,
			);
			runOnlyForDeploymentPostprocessing = 0;
		};
/* End PBXSourcesBuildPhase section */

/* Begin PBXTargetDependency section */
		961405691FB2AFBB00FB1C14 /* PBXTargetDependency */ = {
			isa = PBXTargetDependency;
			target = 961405521FB2AFB900FB1C14 /* ConversionCalculator */;
			targetProxy = 961405681FB2AFBB00FB1C14 /* PBXContainerItemProxy */;
		};
		961405741FB2AFBB00FB1C14 /* PBXTargetDependency */ = {
			isa = PBXTargetDependency;
			target = 961405521FB2AFB900FB1C14 /* ConversionCalculator */;
			targetProxy = 961405731FB2AFBB00FB1C14 /* PBXContainerItemProxy */;
		};
/* End PBXTargetDependency section */

/* Begin PBXVariantGroup section */
		9614055A1FB2AFB900FB1C14 /* Main.storyboard */ = {
			isa = PBXVariantGroup;
			children = (
				9614055B1FB2AFB900FB1C14 /* Base */,
			);
			name = Main.storyboard;
			sourceTree = "<group>";
		};
		9614055F1FB2AFBB00FB1C14 /* LaunchScreen.storyboard */ = {
			isa = PBXVariantGroup;
			children = (
				961405601FB2AFBB00FB1C14 /* Base */,
			);
			name = LaunchScreen.storyboard;
			sourceTree = "<group>";
		};
/* End PBXVariantGroup section */

/* Begin XCBuildConfiguration section */
		961405791FB2AFBB00FB1C14 /* Debug */ = {
			isa = XCBuildConfiguration;
			buildSettings = {
				ALWAYS_SEARCH_USER_PATHS = NO;
				CLANG_ANALYZER_NONNULL = YES;
				CLANG_ANALYZER_NUMBER_OBJECT_CONVERSION = YES_AGGRESSIVE;
				CLANG_CXX_LANGUAGE_STANDARD = "gnu++14";
				CLANG_CXX_LIBRARY = "libc++";
				CLANG_ENABLE_MODULES = YES;
				CLANG_ENABLE_OBJC_ARC = YES;
				CLANG_WARN_BLOCK_CAPTURE_AUTORELEASING = YES;
				CLANG_WARN_BOOL_CONVERSION = YES;
				CLANG_WARN_COMMA = YES;
				CLANG_WARN_CONSTANT_CONVERSION = YES;
				CLANG_WARN_DIRECT_OBJC_ISA_USAGE = YES_ERROR;
				CLANG_WARN_DOCUMENTATION_COMMENTS = YES;
				CLANG_WARN_EMPTY_BODY = YES;
				CLANG_WARN_ENUM_CONVERSION = YES;
				CLANG_WARN_INFINITE_RECURSION = YES;
				CLANG_WARN_INT_CONVERSION = YES;
				CLANG_WARN_NON_LITERAL_NULL_CONVERSION = YES;
				CLANG_WARN_OBJC_LITERAL_CONVERSION = YES;
				CLANG_WARN_OBJC_ROOT_CLASS = YES_ERROR;
				CLANG_WARN_RANGE_LOOP_ANALYSIS = YES;
				CLANG_WARN_STRICT_PROTOTYPES = YES;
				CLANG_WARN_SUSPICIOUS_MOVE = YES;
				CLANG_WARN_UNGUARDED_AVAILABILITY = YES_AGGRESSIVE;
				CLANG_WARN_UNREACHABLE_CODE = YES;
				CLANG_WARN__DUPLICATE_METHOD_MATCH = YES;
				CODE_SIGN_IDENTITY = "iPhone Developer";
				COPY_PHASE_STRIP = NO;
				DEBUG_INFORMATION_FORMAT = dwarf;
				ENABLE_STRICT_OBJC_MSGSEND = YES;
				ENABLE_TESTABILITY = YES;
				GCC_C_LANGUAGE_STANDARD = gnu11;
				GCC_DYNAMIC_NO_PIC = NO;
				GCC_NO_COMMON_BLOCKS = YES;
				GCC_OPTIMIZATION_LEVEL = 0;
				GCC_PREPROCESSOR_DEFINITIONS = (
					"DEBUG=1",
					"$(inherited)",
				);
				GCC_WARN_64_TO_32_BIT_CONVERSION = YES;
				GCC_WARN_ABOUT_RETURN_TYPE = YES_ERROR;
				GCC_WARN_UNDECLARED_SELECTOR = YES;
				GCC_WARN_UNINITIALIZED_AUTOS = YES_AGGRESSIVE;
				GCC_WARN_UNUSED_FUNCTION = YES;
				GCC_WARN_UNUSED_VARIABLE = YES;
				IPHONEOS_DEPLOYMENT_TARGET = 11.1;
				MTL_ENABLE_DEBUG_INFO = YES;
				ONLY_ACTIVE_ARCH = YES;
				SDKROOT = iphoneos;
				SWIFT_ACTIVE_COMPILATION_CONDITIONS = DEBUG;
				SWIFT_OPTIMIZATION_LEVEL = "-Onone";
			};
			name = Debug;
		};
		9614057A1FB2AFBB00FB1C14 /* Release */ = {
			isa = XCBuildConfiguration;
			buildSettings = {
				ALWAYS_SEARCH_USER_PATHS = NO;
				CLANG_ANALYZER_NONNULL = YES;
				CLANG_ANALYZER_NUMBER_OBJECT_CONVERSION = YES_AGGRESSIVE;
				CLANG_CXX_LANGUAGE_STANDARD = "gnu++14";
				CLANG_CXX_LIBRARY = "libc++";
				CLANG_ENABLE_MODULES = YES;
				CLANG_ENABLE_OBJC_ARC = YES;
				CLANG_WARN_BLOCK_CAPTURE_AUTORELEASING = YES;
				CLANG_WARN_BOOL_CONVERSION = YES;
				CLANG_WARN_COMMA = YES;
				CLANG_WARN_CONSTANT_CONVERSION = YES;
				CLANG_WARN_DIRECT_OBJC_ISA_USAGE = YES_ERROR;
				CLANG_WARN_DOCUMENTATION_COMMENTS = YES;
				CLANG_WARN_EMPTY_BODY = YES;
				CLANG_WARN_ENUM_CONVERSION = YES;
				CLANG_WARN_INFINITE_RECURSION = YES;
				CLANG_WARN_INT_CONVERSION = YES;
				CLANG_WARN_NON_LITERAL_NULL_CONVERSION = YES;
				CLANG_WARN_OBJC_LITERAL_CONVERSION = YES;
				CLANG_WARN_OBJC_ROOT_CLASS = YES_ERROR;
				CLANG_WARN_RANGE_LOOP_ANALYSIS = YES;
				CLANG_WARN_STRICT_PROTOTYPES = YES;
				CLANG_WARN_SUSPICIOUS_MOVE = YES;
				CLANG_WARN_UNGUARDED_AVAILABILITY = YES_AGGRESSIVE;
				CLANG_WARN_UNREACHABLE_CODE = YES;
				CLANG_WARN__DUPLICATE_METHOD_MATCH = YES;
				CODE_SIGN_IDENTITY = "iPhone Developer";
				COPY_PHASE_STRIP = NO;
				DEBUG_INFORMATION_FORMAT = "dwarf-with-dsym";
				ENABLE_NS_ASSERTIONS = NO;
				ENABLE_STRICT_OBJC_MSGSEND = YES;
				GCC_C_LANGUAGE_STANDARD = gnu11;
				GCC_NO_COMMON_BLOCKS = YES;
				GCC_WARN_64_TO_32_BIT_CONVERSION = YES;
				GCC_WARN_ABOUT_RETURN_TYPE = YES_ERROR;
				GCC_WARN_UNDECLARED_SELECTOR = YES;
				GCC_WARN_UNINITIALIZED_AUTOS = YES_AGGRESSIVE;
				GCC_WARN_UNUSED_FUNCTION = YES;
				GCC_WARN_UNUSED_VARIABLE = YES;
				IPHONEOS_DEPLOYMENT_TARGET = 11.1;
				MTL_ENABLE_DEBUG_INFO = NO;
				SDKROOT = iphoneos;
				SWIFT_OPTIMIZATION_LEVEL = "-Owholemodule";
				VALIDATE_PRODUCT = YES;
			};
			name = Release;
		};
		9614057C1FB2AFBB00FB1C14 /* Debug */ = {
			isa = XCBuildConfiguration;
			buildSettings = {
				ASSETCATALOG_COMPILER_APPICON_NAME = AppIcon;
				CODE_SIGN_STYLE = Automatic;
				DEVELOPMENT_TEAM = E8Z4265D6Y;
				INFOPLIST_FILE = ConversionCalculator/Info.plist;
				LD_RUNPATH_SEARCH_PATHS = "$(inherited) @executable_path/Frameworks";
				PRODUCT_BUNDLE_IDENTIFIER = online.techinnovator.ConversionCalculator;
				PRODUCT_NAME = "$(TARGET_NAME)";
				SWIFT_VERSION = 4.0;
				TARGETED_DEVICE_FAMILY = "1,2";
			};
			name = Debug;
		};
		9614057D1FB2AFBB00FB1C14 /* Release */ = {
			isa = XCBuildConfiguration;
			buildSettings = {
				ASSETCATALOG_COMPILER_APPICON_NAME = AppIcon;
				CODE_SIGN_STYLE = Automatic;
				DEVELOPMENT_TEAM = E8Z4265D6Y;
				INFOPLIST_FILE = ConversionCalculator/Info.plist;
				LD_RUNPATH_SEARCH_PATHS = "$(inherited) @executable_path/Frameworks";
				PRODUCT_BUNDLE_IDENTIFIER = online.techinnovator.ConversionCalculator;
				PRODUCT_NAME = "$(TARGET_NAME)";
				SWIFT_VERSION = 4.0;
				TARGETED_DEVICE_FAMILY = "1,2";
			};
			name = Release;
		};
		9614057F1FB2AFBB00FB1C14 /* Debug */ = {
			isa = XCBuildConfiguration;
			buildSettings = {
				ALWAYS_EMBED_SWIFT_STANDARD_LIBRARIES = YES;
				BUNDLE_LOADER = "$(TEST_HOST)";
				CODE_SIGN_STYLE = Automatic;
				DEVELOPMENT_TEAM = E8Z4265D6Y;
				INFOPLIST_FILE = ConversionCalculatorTests/Info.plist;
				LD_RUNPATH_SEARCH_PATHS = "$(inherited) @executable_path/Frameworks @loader_path/Frameworks";
				PRODUCT_BUNDLE_IDENTIFIER = online.techinnovator.ConversionCalculatorTests;
				PRODUCT_NAME = "$(TARGET_NAME)";
				SWIFT_VERSION = 4.0;
				TARGETED_DEVICE_FAMILY = "1,2";
				TEST_HOST = "$(BUILT_PRODUCTS_DIR)/ConversionCalculator.app/ConversionCalculator";
			};
			name = Debug;
		};
		961405801FB2AFBB00FB1C14 /* Release */ = {
			isa = XCBuildConfiguration;
			buildSettings = {
				ALWAYS_EMBED_SWIFT_STANDARD_LIBRARIES = YES;
				BUNDLE_LOADER = "$(TEST_HOST)";
				CODE_SIGN_STYLE = Automatic;
				DEVELOPMENT_TEAM = E8Z4265D6Y;
				INFOPLIST_FILE = ConversionCalculatorTests/Info.plist;
				LD_RUNPATH_SEARCH_PATHS = "$(inherited) @executable_path/Frameworks @loader_path/Frameworks";
				PRODUCT_BUNDLE_IDENTIFIER = online.techinnovator.ConversionCalculatorTests;
				PRODUCT_NAME = "$(TARGET_NAME)";
				SWIFT_VERSION = 4.0;
				TARGETED_DEVICE_FAMILY = "1,2";
				TEST_HOST = "$(BUILT_PRODUCTS_DIR)/ConversionCalculator.app/ConversionCalculator";
			};
			name = Release;
		};
		961405821FB2AFBB00FB1C14 /* Debug */ = {
			isa = XCBuildConfiguration;
			buildSettings = {
				ALWAYS_EMBED_SWIFT_STANDARD_LIBRARIES = YES;
				CODE_SIGN_STYLE = Automatic;
				DEVELOPMENT_TEAM = E8Z4265D6Y;
				INFOPLIST_FILE = ConversionCalculatorUITests/Info.plist;
				LD_RUNPATH_SEARCH_PATHS = "$(inherited) @executable_path/Frameworks @loader_path/Frameworks";
				PRODUCT_BUNDLE_IDENTIFIER = online.techinnovator.ConversionCalculatorUITests;
				PRODUCT_NAME = "$(TARGET_NAME)";
				SWIFT_VERSION = 4.0;
				TARGETED_DEVICE_FAMILY = "1,2";
				TEST_TARGET_NAME = ConversionCalculator;
			};
			name = Debug;
		};
		961405831FB2AFBB00FB1C14 /* Release */ = {
			isa = XCBuildConfiguration;
			buildSettings = {
				ALWAYS_EMBED_SWIFT_STANDARD_LIBRARIES = YES;
				CODE_SIGN_STYLE = Automatic;
				DEVELOPMENT_TEAM = E8Z4265D6Y;
				INFOPLIST_FILE = ConversionCalculatorUITests/Info.plist;
				LD_RUNPATH_SEARCH_PATHS = "$(inherited) @executable_path/Frameworks @loader_path/Frameworks";
				PRODUCT_BUNDLE_IDENTIFIER = online.techinnovator.ConversionCalculatorUITests;
				PRODUCT_NAME = "$(TARGET_NAME)";
				SWIFT_VERSION = 4.0;
				TARGETED_DEVICE_FAMILY = "1,2";
				TEST_TARGET_NAME = ConversionCalculator;
			};
			name = Release;
		};
/* End XCBuildConfiguration section */

/* Begin XCConfigurationList section */
		9614054E1FB2AFB900FB1C14 /* Build configuration list for PBXProject "ConversionCalculator" */ = {
			isa = XCConfigurationList;
			buildConfigurations = (
				961405791FB2AFBB00FB1C14 /* Debug */,
				9614057A1FB2AFBB00FB1C14 /* Release */,
			);
			defaultConfigurationIsVisible = 0;
			defaultConfigurationName = Release;
		};
		9614057B1FB2AFBB00FB1C14 /* Build configuration list for PBXNativeTarget "ConversionCalculator" */ = {
			isa = XCConfigurationList;
			buildConfigurations = (
				9614057C1FB2AFBB00FB1C14 /* Debug */,
				9614057D1FB2AFBB00FB1C14 /* Release */,
			);
			defaultConfigurationIsVisible = 0;
			defaultConfigurationName = Release;
		};
		9614057E1FB2AFBB00FB1C14 /* Build configuration list for PBXNativeTarget "ConversionCalculatorTests" */ = {
			isa = XCConfigurationList;
			buildConfigurations = (
				9614057F1FB2AFBB00FB1C14 /* Debug */,
				961405801FB2AFBB00FB1C14 /* Release */,
			);
			defaultConfigurationIsVisible = 0;
			defaultConfigurationName = Release;
		};
		961405811FB2AFBB00FB1C14 /* Build configuration list for PBXNativeTarget "ConversionCalculatorUITests" */ = {
			isa = XCConfigurationList;
			buildConfigurations = (
				961405821FB2AFBB00FB1C14 /* Debug */,
				961405831FB2AFBB00FB1C14 /* Release */,
			);
			defaultConfigurationIsVisible = 0;
			defaultConfigurationName = Release;
		};
/* End XCConfigurationList section */
	};
	rootObject = 9614054B1FB2AFB900FB1C14 /* Project object */;
}
